// !$*UTF8*$!
{
	archiveVersion = 1;
	classes = {
	};
	objectVersion = 50;
	objects = {

/* Begin PBXBuildFile section */
		8C114369228B6DBA0047DEFF /* QuoteViewController.swift in Sources */ = {isa = PBXBuildFile; fileRef = 8C114368228B6DBA0047DEFF /* QuoteViewController.swift */; };
		8C55B2D0228B62050092A49A /* AppDelegate.swift in Sources */ = {isa = PBXBuildFile; fileRef = 8C55B2CF228B62050092A49A /* AppDelegate.swift */; };
		8C55B2D2228B62050092A49A /* ViewController.swift in Sources */ = {isa = PBXBuildFile; fileRef = 8C55B2D1228B62050092A49A /* ViewController.swift */; };
		8C55B2D5228B62050092A49A /* Main.storyboard in Resources */ = {isa = PBXBuildFile; fileRef = 8C55B2D3228B62050092A49A /* Main.storyboard */; };
		8C55B2DA228B62070092A49A /* LaunchScreen.storyboard in Resources */ = {isa = PBXBuildFile; fileRef = 8C55B2D8228B62070092A49A /* LaunchScreen.storyboard */; };
		8C55B2E2228B64CD0092A49A /* KanyeQuotes.entitlements in Resources */ = {isa = PBXBuildFile; fileRef = 8C55B2E1228B649E0092A49A /* KanyeQuotes.entitlements */; };
		8C8B036D22B7FC1B00AE3155 /* Assets.xcassets in Resources */ = {isa = PBXBuildFile; fileRef = 8C8B036C22B7FC1B00AE3155 /* Assets.xcassets */; };
		8C8CD33F229846990052CE9C /* VCR_OSD_MONO_1.001.ttf in Resources */ = {isa = PBXBuildFile; fileRef = 8C8CD33E229846870052CE9C /* VCR_OSD_MONO_1.001.ttf */; };
		CAC015D2E24AB6B875D07A57 /* Pods_KanyeQuotes.framework in Frameworks */ = {isa = PBXBuildFile; fileRef = 966D733E2A7432FBA3684EAF /* Pods_KanyeQuotes.framework */; };
/* End PBXBuildFile section */

/* Begin PBXFileReference section */
		8C114368228B6DBA0047DEFF /* QuoteViewController.swift */ = {isa = PBXFileReference; lastKnownFileType = sourcecode.swift; path = QuoteViewController.swift; sourceTree = "<group>"; };
		8C55B2CC228B62050092A49A /* KanyeQuotes.app */ = {isa = PBXFileReference; explicitFileType = wrapper.application; includeInIndex = 0; path = KanyeQuotes.app; sourceTree = BUILT_PRODUCTS_DIR; };
		8C55B2CF228B62050092A49A /* AppDelegate.swift */ = {isa = PBXFileReference; lastKnownFileType = sourcecode.swift; path = AppDelegate.swift; sourceTree = "<group>"; };
		8C55B2D1228B62050092A49A /* ViewController.swift */ = {isa = PBXFileReference; lastKnownFileType = sourcecode.swift; path = ViewController.swift; sourceTree = "<group>"; };
		8C55B2D4228B62050092A49A /* Base */ = {isa = PBXFileReference; lastKnownFileType = file.storyboard; name = Base; path = Base.lproj/Main.storyboard; sourceTree = "<group>"; };
		8C55B2D9228B62070092A49A /* Base */ = {isa = PBXFileReference; lastKnownFileType = file.storyboard; name = Base; path = Base.lproj/LaunchScreen.storyboard; sourceTree = "<group>"; };
		8C55B2DB228B62070092A49A /* Info.plist */ = {isa = PBXFileReference; lastKnownFileType = text.plist.xml; path = Info.plist; sourceTree = "<group>"; };
		8C55B2E1228B649E0092A49A /* KanyeQuotes.entitlements */ = {isa = PBXFileReference; lastKnownFileType = text.plist.entitlements; path = KanyeQuotes.entitlements; sourceTree = "<group>"; };
		8C8B036C22B7FC1B00AE3155 /* Assets.xcassets */ = {isa = PBXFileReference; lastKnownFileType = folder.assetcatalog; path = Assets.xcassets; sourceTree = "<group>"; };
		8C8CD33E229846870052CE9C /* VCR_OSD_MONO_1.001.ttf */ = {isa = PBXFileReference; lastKnownFileType = file; name = VCR_OSD_MONO_1.001.ttf; path = ../../../../../Downloads/VCR_OSD_MONO_1.001.ttf; sourceTree = "<group>"; };
		966D733E2A7432FBA3684EAF /* Pods_KanyeQuotes.framework */ = {isa = PBXFileReference; explicitFileType = wrapper.framework; includeInIndex = 0; path = Pods_KanyeQuotes.framework; sourceTree = BUILT_PRODUCTS_DIR; };
		B03D88D751765554661EACAD /* Pods-KanyeQuotes.release.xcconfig */ = {isa = PBXFileReference; includeInIndex = 1; lastKnownFileType = text.xcconfig; name = "Pods-KanyeQuotes.release.xcconfig"; path = "Target Support Files/Pods-KanyeQuotes/Pods-KanyeQuotes.release.xcconfig"; sourceTree = "<group>"; };
		FA4C787A1CDA1586C0016F36 /* Pods-KanyeQuotes.debug.xcconfig */ = {isa = PBXFileReference; includeInIndex = 1; lastKnownFileType = text.xcconfig; name = "Pods-KanyeQuotes.debug.xcconfig"; path = "Target Support Files/Pods-KanyeQuotes/Pods-KanyeQuotes.debug.xcconfig"; sourceTree = "<group>"; };
/* End PBXFileReference section */

/* Begin PBXFrameworksBuildPhase section */
		8C55B2C9228B62050092A49A /* Frameworks */ = {
			isa = PBXFrameworksBuildPhase;
			buildActionMask = 2147483647;
			files = (
				CAC015D2E24AB6B875D07A57 /* Pods_KanyeQuotes.framework in Frameworks */,
			);
			runOnlyForDeploymentPostprocessing = 0;
		};
/* End PBXFrameworksBuildPhase section */

/* Begin PBXGroup section */
		0905F784EE30D37652A49C20 /* Frameworks */ = {
			isa = PBXGroup;
			children = (
				966D733E2A7432FBA3684EAF /* Pods_KanyeQuotes.framework */,
			);
			name = Frameworks;
			sourceTree = "<group>";
		};
		0B5348F2A27BE68C161BEAA0 /* Pods */ = {
			isa = PBXGroup;
			children = (
				FA4C787A1CDA1586C0016F36 /* Pods-KanyeQuotes.debug.xcconfig */,
				B03D88D751765554661EACAD /* Pods-KanyeQuotes.release.xcconfig */,
			);
			path = Pods;
			sourceTree = "<group>";
		};
		8C2085FA22B7FB2B0049AD12 /* New Group */ = {
			isa = PBXGroup;
			children = (
			);
			path = "New Group";
			sourceTree = "<group>";
		};
		8C55B2C3228B62050092A49A = {
			isa = PBXGroup;
			children = (
				8C55B2CE228B62050092A49A /* KanyeQuotes */,
				8C55B2CD228B62050092A49A /* Products */,
				0B5348F2A27BE68C161BEAA0 /* Pods */,
				0905F784EE30D37652A49C20 /* Frameworks */,
			);
			sourceTree = "<group>";
		};
		8C55B2CD228B62050092A49A /* Products */ = {
			isa = PBXGroup;
			children = (
				8C55B2CC228B62050092A49A /* KanyeQuotes.app */,
			);
			name = Products;
			sourceTree = "<group>";
		};
		8C55B2CE228B62050092A49A /* KanyeQuotes */ = {
			isa = PBXGroup;
			children = (
				8C2085FA22B7FB2B0049AD12 /* New Group */,
				8C8CD33D229846660052CE9C /* fonts */,
				8C55B2E1228B649E0092A49A /* KanyeQuotes.entitlements */,
				8C55B2CF228B62050092A49A /* AppDelegate.swift */,
				8C55B2D1228B62050092A49A /* ViewController.swift */,
				8C8B036C22B7FC1B00AE3155 /* Assets.xcassets */,
				8C55B2D3228B62050092A49A /* Main.storyboard */,
				8C55B2D8228B62070092A49A /* LaunchScreen.storyboard */,
				8C55B2DB228B62070092A49A /* Info.plist */,
				8C114368228B6DBA0047DEFF /* QuoteViewController.swift */,
			);
			path = KanyeQuotes;
			sourceTree = "<group>";
		};
		8C8CD33D229846660052CE9C /* fonts */ = {
			isa = PBXGroup;
			children = (
				8C8CD33E229846870052CE9C /* VCR_OSD_MONO_1.001.ttf */,
			);
			path = fonts;
			sourceTree = "<group>";
		};
/* End PBXGroup section */

/* Begin PBXNativeTarget section */
		8C55B2CB228B62050092A49A /* KanyeQuotes */ = {
			isa = PBXNativeTarget;
			buildConfigurationList = 8C55B2DE228B62070092A49A /* Build configuration list for PBXNativeTarget "KanyeQuotes" */;
			buildPhases = (
				BDDB5C5F03F5CBB71D914444 /* [CP] Check Pods Manifest.lock */,
				8C55B2C8228B62050092A49A /* Sources */,
				8C55B2C9228B62050092A49A /* Frameworks */,
				8C55B2CA228B62050092A49A /* Resources */,
				181C15AB22D85908A9BE9388 /* [CP] Embed Pods Frameworks */,
			);
			buildRules = (
			);
			dependencies = (
			);
			name = KanyeQuotes;
			productName = KanyeQuotes;
			productReference = 8C55B2CC228B62050092A49A /* KanyeQuotes.app */;
			productType = "com.apple.product-type.application";
		};
/* End PBXNativeTarget section */

/* Begin PBXProject section */
		8C55B2C4228B62050092A49A /* Project object */ = {
			isa = PBXProject;
			attributes = {
				LastSwiftUpdateCheck = 1020;
				LastUpgradeCheck = 1020;
				ORGANIZATIONNAME = "Mike Horn";
				TargetAttributes = {
					8C55B2CB228B62050092A49A = {
						CreatedOnToolsVersion = 10.2.1;
						SystemCapabilities = {
							com.apple.SafariKeychain = {
								enabled = 1;
							};
						};
					};
				};
			};
			buildConfigurationList = 8C55B2C7228B62050092A49A /* Build configuration list for PBXProject "KanyeQuotes" */;
			compatibilityVersion = "Xcode 9.3";
			developmentRegion = en;
			hasScannedForEncodings = 0;
			knownRegions = (
				en,
				Base,
			);
			mainGroup = 8C55B2C3228B62050092A49A;
			productRefGroup = 8C55B2CD228B62050092A49A /* Products */;
			projectDirPath = "";
			projectRoot = "";
			targets = (
				8C55B2CB228B62050092A49A /* KanyeQuotes */,
			);
		};
/* End PBXProject section */

/* Begin PBXResourcesBuildPhase section */
		8C55B2CA228B62050092A49A /* Resources */ = {
			isa = PBXResourcesBuildPhase;
			buildActionMask = 2147483647;
			files = (
				8C55B2E2228B64CD0092A49A /* KanyeQuotes.entitlements in Resources */,
				8C55B2DA228B62070092A49A /* LaunchScreen.storyboard in Resources */,
				8C55B2D5228B62050092A49A /* Main.storyboard in Resources */,
				8C8CD33F229846990052CE9C /* VCR_OSD_MONO_1.001.ttf in Resources */,
				8C8B036D22B7FC1B00AE3155 /* Assets.xcassets in Resources */,
			);
			runOnlyForDeploymentPostprocessing = 0;
		};
/* End PBXResourcesBuildPhase section */

/* Begin PBXShellScriptBuildPhase section */
		181C15AB22D85908A9BE9388 /* [CP] Embed Pods Frameworks */ = {
			isa = PBXShellScriptBuildPhase;
			buildActionMask = 2147483647;
			files = (
			);
			inputFileListPaths = (
			);
			inputPaths = (
				"${PODS_ROOT}/Target Support Files/Pods-KanyeQuotes/Pods-KanyeQuotes-frameworks.sh",
				"${BUILT_PRODUCTS_DIR}/Branch/Branch.framework",
			);
			name = "[CP] Embed Pods Frameworks";
			outputFileListPaths = (
			);
			outputPaths = (
				"${TARGET_BUILD_DIR}/${FRAMEWORKS_FOLDER_PATH}/Branch.framework",
			);
			runOnlyForDeploymentPostprocessing = 0;
			shellPath = /bin/sh;
			shellScript = "\"${PODS_ROOT}/Target Support Files/Pods-KanyeQuotes/Pods-KanyeQuotes-frameworks.sh\"\n";
			showEnvVarsInLog = 0;
		};
		BDDB5C5F03F5CBB71D914444 /* [CP] Check Pods Manifest.lock */ = {
			isa = PBXShellScriptBuildPhase;
			buildActionMask = 2147483647;
			files = (
			);
			inputFileListPaths = (
			);
			inputPaths = (
				"${PODS_PODFILE_DIR_PATH}/Podfile.lock",
				"${PODS_ROOT}/Manifest.lock",
			);
			name = "[CP] Check Pods Manifest.lock";
			outputFileListPaths = (
			);
			outputPaths = (
				"$(DERIVED_FILE_DIR)/Pods-KanyeQuotes-checkManifestLockResult.txt",
			);
			runOnlyForDeploymentPostprocessing = 0;
			shellPath = /bin/sh;
			shellScript = "diff \"${PODS_PODFILE_DIR_PATH}/Podfile.lock\" \"${PODS_ROOT}/Manifest.lock\" > /dev/null\nif [ $? != 0 ] ; then\n    # print error to STDERR\n    echo \"error: The sandbox is not in sync with the Podfile.lock. Run 'pod install' or update your CocoaPods installation.\" >&2\n    exit 1\nfi\n# This output is used by Xcode 'outputs' to avoid re-running this script phase.\necho \"SUCCESS\" > \"${SCRIPT_OUTPUT_FILE_0}\"\n";
			showEnvVarsInLog = 0;
		};
/* End PBXShellScriptBuildPhase section */

/* Begin PBXSourcesBuildPhase section */
		8C55B2C8228B62050092A49A /* Sources */ = {
			isa = PBXSourcesBuildPhase;
			buildActionMask = 2147483647;
			files = (
				8C114369228B6DBA0047DEFF /* QuoteViewController.swift in Sources */,
				8C55B2D2228B62050092A49A /* ViewController.swift in Sources */,
				8C55B2D0228B62050092A49A /* AppDelegate.swift in Sources */,
			);
			runOnlyForDeploymentPostprocessing = 0;
		};
/* End PBXSourcesBuildPhase section */

/* Begin PBXVariantGroup section */
		8C55B2D3228B62050092A49A /* Main.storyboard */ = {
			isa = PBXVariantGroup;
			children = (
				8C55B2D4228B62050092A49A /* Base */,
			);
			name = Main.storyboard;
			sourceTree = "<group>";
		};
		8C55B2D8228B62070092A49A /* LaunchScreen.storyboard */ = {
			isa = PBXVariantGroup;
			children = (
				8C55B2D9228B62070092A49A /* Base */,
			);
			name = LaunchScreen.storyboard;
			sourceTree = "<group>";
		};
/* End PBXVariantGroup section */

/* Begin XCBuildConfiguration section */
		8C55B2DC228B62070092A49A /* Debug */ = {
			isa = XCBuildConfiguration;
			buildSettings = {
				ALWAYS_SEARCH_USER_PATHS = NO;
				CLANG_ANALYZER_NONNULL = YES;
				CLANG_ANALYZER_NUMBER_OBJECT_CONVERSION = YES_AGGRESSIVE;
				CLANG_CXX_LANGUAGE_STANDARD = "gnu++14";
				CLANG_CXX_LIBRARY = "libc++";
				CLANG_ENABLE_MODULES = YES;
				CLANG_ENABLE_OBJC_ARC = YES;
				CLANG_ENABLE_OBJC_WEAK = YES;
				CLANG_WARN_BLOCK_CAPTURE_AUTORELEASING = YES;
				CLANG_WARN_BOOL_CONVERSION = YES;
				CLANG_WARN_COMMA = YES;
				CLANG_WARN_CONSTANT_CONVERSION = YES;
				CLANG_WARN_DEPRECATED_OBJC_IMPLEMENTATIONS = YES;
				CLANG_WARN_DIRECT_OBJC_ISA_USAGE = YES_ERROR;
				CLANG_WARN_DOCUMENTATION_COMMENTS = YES;
				CLANG_WARN_EMPTY_BODY = YES;
				CLANG_WARN_ENUM_CONVERSION = YES;
				CLANG_WARN_INFINITE_RECURSION = YES;
				CLANG_WARN_INT_CONVERSION = YES;
				CLANG_WARN_NON_LITERAL_NULL_CONVERSION = YES;
				CLANG_WARN_OBJC_IMPLICIT_RETAIN_SELF = YES;
				CLANG_WARN_OBJC_LITERAL_CONVERSION = YES;
				CLANG_WARN_OBJC_ROOT_CLASS = YES_ERROR;
				CLANG_WARN_RANGE_LOOP_ANALYSIS = YES;
				CLANG_WARN_STRICT_PROTOTYPES = YES;
				CLANG_WARN_SUSPICIOUS_MOVE = YES;
				CLANG_WARN_UNGUARDED_AVAILABILITY = YES_AGGRESSIVE;
				CLANG_WARN_UNREACHABLE_CODE = YES;
				CLANG_WARN__DUPLICATE_METHOD_MATCH = YES;
				CODE_SIGN_IDENTITY = "iPhone Developer";
				COPY_PHASE_STRIP = NO;
				DEBUG_INFORMATION_FORMAT = dwarf;
				ENABLE_STRICT_OBJC_MSGSEND = YES;
				ENABLE_TESTABILITY = YES;
				GCC_C_LANGUAGE_STANDARD = gnu11;
				GCC_DYNAMIC_NO_PIC = NO;
				GCC_NO_COMMON_BLOCKS = YES;
				GCC_OPTIMIZATION_LEVEL = 0;
				GCC_PREPROCESSOR_DEFINITIONS = (
					"DEBUG=1",
					"$(inherited)",
				);
				GCC_WARN_64_TO_32_BIT_CONVERSION = YES;
				GCC_WARN_ABOUT_RETURN_TYPE = YES_ERROR;
				GCC_WARN_UNDECLARED_SELECTOR = YES;
				GCC_WARN_UNINITIALIZED_AUTOS = YES_AGGRESSIVE;
				GCC_WARN_UNUSED_FUNCTION = YES;
				GCC_WARN_UNUSED_VARIABLE = YES;
				IPHONEOS_DEPLOYMENT_TARGET = 12.2;
				MTL_ENABLE_DEBUG_INFO = INCLUDE_SOURCE;
				MTL_FAST_MATH = YES;
				ONLY_ACTIVE_ARCH = YES;
				SDKROOT = iphoneos;
				SWIFT_ACTIVE_COMPILATION_CONDITIONS = DEBUG;
				SWIFT_OPTIMIZATION_LEVEL = "-Onone";
			};
			name = Debug;
		};
		8C55B2DD228B62070092A49A /* Release */ = {
			isa = XCBuildConfiguration;
			buildSettings = {
				ALWAYS_SEARCH_USER_PATHS = NO;
				CLANG_ANALYZER_NONNULL = YES;
				CLANG_ANALYZER_NUMBER_OBJECT_CONVERSION = YES_AGGRESSIVE;
				CLANG_CXX_LANGUAGE_STANDARD = "gnu++14";
				CLANG_CXX_LIBRARY = "libc++";
				CLANG_ENABLE_MODULES = YES;
				CLANG_ENABLE_OBJC_ARC = YES;
				CLANG_ENABLE_OBJC_WEAK = YES;
				CLANG_WARN_BLOCK_CAPTURE_AUTORELEASING = YES;
				CLANG_WARN_BOOL_CONVERSION = YES;
				CLANG_WARN_COMMA = YES;
				CLANG_WARN_CONSTANT_CONVERSION = YES;
				CLANG_WARN_DEPRECATED_OBJC_IMPLEMENTATIONS = YES;
				CLANG_WARN_DIRECT_OBJC_ISA_USAGE = YES_ERROR;
				CLANG_WARN_DOCUMENTATION_COMMENTS = YES;
				CLANG_WARN_EMPTY_BODY = YES;
				CLANG_WARN_ENUM_CONVERSION = YES;
				CLANG_WARN_INFINITE_RECURSION = YES;
				CLANG_WARN_INT_CONVERSION = YES;
				CLANG_WARN_NON_LITERAL_NULL_CONVERSION = YES;
				CLANG_WARN_OBJC_IMPLICIT_RETAIN_SELF = YES;
				CLANG_WARN_OBJC_LITERAL_CONVERSION = YES;
				CLANG_WARN_OBJC_ROOT_CLASS = YES_ERROR;
				CLANG_WARN_RANGE_LOOP_ANALYSIS = YES;
				CLANG_WARN_STRICT_PROTOTYPES = YES;
				CLANG_WARN_SUSPICIOUS_MOVE = YES;
				CLANG_WARN_UNGUARDED_AVAILABILITY = YES_AGGRESSIVE;
				CLANG_WARN_UNREACHABLE_CODE = YES;
				CLANG_WARN__DUPLICATE_METHOD_MATCH = YES;
				CODE_SIGN_IDENTITY = "iPhone Developer";
				COPY_PHASE_STRIP = NO;
				DEBUG_INFORMATION_FORMAT = "dwarf-with-dsym";
				ENABLE_NS_ASSERTIONS = NO;
				ENABLE_STRICT_OBJC_MSGSEND = YES;
				GCC_C_LANGUAGE_STANDARD = gnu11;
				GCC_NO_COMMON_BLOCKS = YES;
				GCC_WARN_64_TO_32_BIT_CONVERSION = YES;
				GCC_WARN_ABOUT_RETURN_TYPE = YES_ERROR;
				GCC_WARN_UNDECLARED_SELECTOR = YES;
				GCC_WARN_UNINITIALIZED_AUTOS = YES_AGGRESSIVE;
				GCC_WARN_UNUSED_FUNCTION = YES;
				GCC_WARN_UNUSED_VARIABLE = YES;
				IPHONEOS_DEPLOYMENT_TARGET = 12.2;
				MTL_ENABLE_DEBUG_INFO = NO;
				MTL_FAST_MATH = YES;
				SDKROOT = iphoneos;
				SWIFT_COMPILATION_MODE = wholemodule;
				SWIFT_OPTIMIZATION_LEVEL = "-O";
				VALIDATE_PRODUCT = YES;
			};
			name = Release;
		};
		8C55B2DF228B62070092A49A /* Debug */ = {
			isa = XCBuildConfiguration;
			baseConfigurationReference = FA4C787A1CDA1586C0016F36 /* Pods-KanyeQuotes.debug.xcconfig */;
			buildSettings = {
				ASSETCATALOG_COMPILER_APPICON_NAME = AppIcon;
				CODE_SIGN_ENTITLEMENTS = KanyeQuotes/KanyeQuotes.entitlements;
				CODE_SIGN_STYLE = Automatic;
				DEVELOPMENT_TEAM = V8RHQ7L5JP;
				INFOPLIST_FILE = KanyeQuotes/Info.plist;
				LD_RUNPATH_SEARCH_PATHS = (
					"$(inherited)",
					"@executable_path/Frameworks",
				);
				PRODUCT_BUNDLE_IDENTIFIER = nyc.mikehorn.KanyeQuotes;
				PRODUCT_NAME = "$(TARGET_NAME)";
				SWIFT_VERSION = 5.0;
				TARGETED_DEVICE_FAMILY = "1,2";
			};
			name = Debug;
		};
		8C55B2E0228B62070092A49A /* Release */ = {
			isa = XCBuildConfiguration;
			baseConfigurationReference = B03D88D751765554661EACAD /* Pods-KanyeQuotes.release.xcconfig */;
			buildSettings = {
				ASSETCATALOG_COMPILER_APPICON_NAME = AppIcon;
				CODE_SIGN_ENTITLEMENTS = KanyeQuotes/KanyeQuotes.entitlements;
				CODE_SIGN_STYLE = Automatic;
				DEVELOPMENT_TEAM = V8RHQ7L5JP;
				INFOPLIST_FILE = KanyeQuotes/Info.plist;
				LD_RUNPATH_SEARCH_PATHS = (
					"$(inherited)",
					"@executable_path/Frameworks",
				);
				PRODUCT_BUNDLE_IDENTIFIER = nyc.mikehorn.KanyeQuotes;
				PRODUCT_NAME = "$(TARGET_NAME)";
				SWIFT_VERSION = 5.0;
				TARGETED_DEVICE_FAMILY = "1,2";
			};
			name = Release;
		};
/* End XCBuildConfiguration section */

/* Begin XCConfigurationList section */
		8C55B2C7228B62050092A49A /* Build configuration list for PBXProject "KanyeQuotes" */ = {
			isa = XCConfigurationList;
			buildConfigurations = (
				8C55B2DC228B62070092A49A /* Debug */,
				8C55B2DD228B62070092A49A /* Release */,
			);
			defaultConfigurationIsVisible = 0;
			defaultConfigurationName = Release;
		};
		8C55B2DE228B62070092A49A /* Build configuration list for PBXNativeTarget "KanyeQuotes" */ = {
			isa = XCConfigurationList;
			buildConfigurations = (
				8C55B2DF228B62070092A49A /* Debug */,
				8C55B2E0228B62070092A49A /* Release */,
			);
			defaultConfigurationIsVisible = 0;
			defaultConfigurationName = Release;
		};
/* End XCConfigurationList section */
	};
	rootObject = 8C55B2C4228B62050092A49A /* Project object */;
}
